
Microsoft Visual Studio Solution File, Format Version 12.00
# Visual Studio Version 17
VisualStudioVersion = 17.7.34031.279
MinimumVisualStudioVersion = 10.0.40219.1
Project("{FAE04EC0-301F-11D3-BF4B-00C04F79EFBC}") = "AssessmentApp", "AssessmentApp\AssessmentApp.csproj", "{250B1682-6ED9-4CF1-93A8-2078CA24FA75}"
EndProject
Global
	GlobalSection(SolutionConfigurationPlatforms) = preSolution
		Debug|Any CPU = Debug|Any CPU
		Release|Any CPU = Release|Any CPU
	EndGlobalSection
	GlobalSection(ProjectConfigurationPlatforms) = postSolution
		{250B1682-6ED9-4CF1-93A8-2078CA24FA75}.Debug|Any CPU.ActiveCfg = Debug|Any CPU
		{250B1682-6ED9-4CF1-93A8-2078CA24FA75}.Debug|Any CPU.Build.0 = Debug|Any CPU
		{250B1682-6ED9-4CF1-93A8-2078CA24FA75}.Release|Any CPU.ActiveCfg = Release|Any CPU
		{250B1682-6ED9-4CF1-93A8-2078CA24FA75}.Release|Any CPU.Build.0 = Release|Any CPU
	EndGlobalSection
	GlobalSection(SolutionProperties) = preSolution
		HideSolutionNode = FALSE
	EndGlobalSection
	GlobalSection(ExtensibilityGlobals) = postSolution
		SolutionGuid = {68029772-6498-407A-A923-34FB00FC7D90}
	EndGlobalSection
EndGlobal
